
Microsoft Visual Studio Solution File, Format Version 12.00
# Visual Studio 15
VisualStudioVersion = 15.0.28010.2026
MinimumVisualStudioVersion = 10.0.40219.1
Project("{E24C65DC-7377-472B-9ABA-BC803B73C61A}") = "BJ_LookAtRotatedTriangles", "BJ_LookAtRotatedTriangles\", "{1844D5DF-5EA0-45FB-B614-E8349CCB4C58}"
	ProjectSection(WebsiteProperties) = preProject
		TargetFrameworkMoniker = ".NETFramework,Version%3Dv4.7.2"
		Debug.AspNetCompiler.VirtualPath = "/localhost_62753"
		Debug.AspNetCompiler.PhysicalPath = "BJ_LookAtRotatedTriangles\"
		Debug.AspNetCompiler.TargetPath = "PrecompiledWeb\localhost_62753\"
		Debug.AspNetCompiler.Updateable = "true"
		Debug.AspNetCompiler.ForceOverwrite = "true"
		Debug.AspNetCompiler.FixedNames = "false"
		Debug.AspNetCompiler.Debug = "True"
		Release.AspNetCompiler.VirtualPath = "/localhost_62753"
		Release.AspNetCompiler.PhysicalPath = "BJ_LookAtRotatedTriangles\"
		Release.AspNetCompiler.TargetPath = "PrecompiledWeb\localhost_62753\"
		Release.AspNetCompiler.Updateable = "true"
		Release.AspNetCompiler.ForceOverwrite = "true"
		Release.AspNetCompiler.FixedNames = "false"
		Release.AspNetCompiler.Debug = "False"
		VWDPort = "62753"
		SlnRelativePath = "BJ_LookAtRotatedTriangles\"
		DefaultWebSiteLanguage = "Visual C#"
	EndProjectSection
EndProject
Global
	GlobalSection(SolutionConfigurationPlatforms) = preSolution
		Debug|Any CPU = Debug|Any CPU
	EndGlobalSection
	GlobalSection(ProjectConfigurationPlatforms) = postSolution
		{1844D5DF-5EA0-45FB-B614-E8349CCB4C58}.Debug|Any CPU.ActiveCfg = Debug|Any CPU
		{1844D5DF-5EA0-45FB-B614-E8349CCB4C58}.Debug|Any CPU.Build.0 = Debug|Any CPU
	EndGlobalSection
	GlobalSection(SolutionProperties) = preSolution
		HideSolutionNode = FALSE
	EndGlobalSection
	GlobalSection(ExtensibilityGlobals) = postSolution
		SolutionGuid = {E91E8AC6-7D8B-4D0C-81A4-B24E8D1411D1}
	EndGlobalSection
EndGlobal
